// !$*UTF8*$!
{
	archiveVersion = 1;
	classes = {
	};
	objectVersion = 56;
	objects = {

/* Begin PBXBuildFile section */
		AAAFD7CC28FF670D00EC3707 /* IconChangeApp.swift in Sources */ = {isa = PBXBuildFile; fileRef = AAAFD7CB28FF670D00EC3707 /* IconChangeApp.swift */; };
		AAAFD7CE28FF670D00EC3707 /* ContentView.swift in Sources */ = {isa = PBXBuildFile; fileRef = AAAFD7CD28FF670D00EC3707 /* ContentView.swift */; };
		AAAFD7D028FF670E00EC3707 /* Assets.xcassets in Resources */ = {isa = PBXBuildFile; fileRef = AAAFD7CF28FF670E00EC3707 /* Assets.xcassets */; };
		AAAFD7D328FF670E00EC3707 /* Preview Assets.xcassets in Resources */ = {isa = PBXBuildFile; fileRef = AAAFD7D228FF670E00EC3707 /* Preview Assets.xcassets */; };
		AAAFD7DA28FF673300EC3707 /* ContentViewModel.swift in Sources */ = {isa = PBXBuildFile; fileRef = AAAFD7D928FF673300EC3707 /* ContentViewModel.swift */; };
		AAAFD7DF28FF675900EC3707 /* Musica3.png in Resources */ = {isa = PBXBuildFile; fileRef = AAAFD7DC28FF675800EC3707 /* Musica3.png */; };
		AAAFD7E028FF675900EC3707 /* Musica2.png in Resources */ = {isa = PBXBuildFile; fileRef = AAAFD7DD28FF675800EC3707 /* Musica2.png */; };
		AAAFD7E128FF675900EC3707 /* Musica1.png in Resources */ = {isa = PBXBuildFile; fileRef = AAAFD7DE28FF675800EC3707 /* Musica1.png */; };
		AAAFD7E628FF69BB00EC3707 /* Musica4.png in Resources */ = {isa = PBXBuildFile; fileRef = AAAFD7E528FF69BB00EC3707 /* Musica4.png */; };
		AAAFD7E828FF6AF100EC3707 /* ContentModel.swift in Sources */ = {isa = PBXBuildFile; fileRef = AAAFD7E728FF6AF100EC3707 /* ContentModel.swift */; };
/* End PBXBuildFile section */

/* Begin PBXFileReference section */
		AAAFD7C828FF670D00EC3707 /* IconChange.app */ = {isa = PBXFileReference; explicitFileType = wrapper.application; includeInIndex = 0; path = IconChange.app; sourceTree = BUILT_PRODUCTS_DIR; };
		AAAFD7CB28FF670D00EC3707 /* IconChangeApp.swift */ = {isa = PBXFileReference; lastKnownFileType = sourcecode.swift; path = IconChangeApp.swift; sourceTree = "<group>"; };
		AAAFD7CD28FF670D00EC3707 /* ContentView.swift */ = {isa = PBXFileReference; lastKnownFileType = sourcecode.swift; path = ContentView.swift; sourceTree = "<group>"; };
		AAAFD7CF28FF670E00EC3707 /* Assets.xcassets */ = {isa = PBXFileReference; lastKnownFileType = folder.assetcatalog; path = Assets.xcassets; sourceTree = "<group>"; };
		AAAFD7D228FF670E00EC3707 /* Preview Assets.xcassets */ = {isa = PBXFileReference; lastKnownFileType = folder.assetcatalog; path = "Preview Assets.xcassets"; sourceTree = "<group>"; };
		AAAFD7D928FF673300EC3707 /* ContentViewModel.swift */ = {isa = PBXFileReference; lastKnownFileType = sourcecode.swift; path = ContentViewModel.swift; sourceTree = "<group>"; };
		AAAFD7DC28FF675800EC3707 /* Musica3.png */ = {isa = PBXFileReference; lastKnownFileType = image.png; path = Musica3.png; sourceTree = "<group>"; };
		AAAFD7DD28FF675800EC3707 /* Musica2.png */ = {isa = PBXFileReference; lastKnownFileType = image.png; path = Musica2.png; sourceTree = "<group>"; };
		AAAFD7DE28FF675800EC3707 /* Musica1.png */ = {isa = PBXFileReference; lastKnownFileType = image.png; path = Musica1.png; sourceTree = "<group>"; };
		AAAFD7E228FF67B900EC3707 /* Info.plist */ = {isa = PBXFileReference; lastKnownFileType = text.plist; path = Info.plist; sourceTree = "<group>"; };
		AAAFD7E528FF69BB00EC3707 /* Musica4.png */ = {isa = PBXFileReference; lastKnownFileType = image.png; path = Musica4.png; sourceTree = "<group>"; };
		AAAFD7E728FF6AF100EC3707 /* ContentModel.swift */ = {isa = PBXFileReference; lastKnownFileType = sourcecode.swift; path = ContentModel.swift; sourceTree = "<group>"; };
/* End PBXFileReference section */

/* Begin PBXFrameworksBuildPhase section */
		AAAFD7C528FF670D00EC3707 /* Frameworks */ = {
			isa = PBXFrameworksBuildPhase;
			buildActionMask = 2147483647;
			files = (
			);
			runOnlyForDeploymentPostprocessing = 0;
		};
/* End PBXFrameworksBuildPhase section */

/* Begin PBXGroup section */
		AAAFD7BF28FF670D00EC3707 = {
			isa = PBXGroup;
			children = (
				AAAFD7CA28FF670D00EC3707 /* IconChange */,
				AAAFD7C928FF670D00EC3707 /* Products */,
			);
			sourceTree = "<group>";
		};
		AAAFD7C928FF670D00EC3707 /* Products */ = {
			isa = PBXGroup;
			children = (
				AAAFD7C828FF670D00EC3707 /* IconChange.app */,
			);
			name = Products;
			sourceTree = "<group>";
		};
		AAAFD7CA28FF670D00EC3707 /* IconChange */ = {
			isa = PBXGroup;
			children = (
				AAAFD7E228FF67B900EC3707 /* Info.plist */,
				AAAFD7CB28FF670D00EC3707 /* IconChangeApp.swift */,
				AAAFD7CD28FF670D00EC3707 /* ContentView.swift */,
				AAAFD7E728FF6AF100EC3707 /* ContentModel.swift */,
				AAAFD7D928FF673300EC3707 /* ContentViewModel.swift */,
				AAAFD7CF28FF670E00EC3707 /* Assets.xcassets */,
				AAAFD7DB28FF675800EC3707 /* IconApp */,
				AAAFD7D128FF670E00EC3707 /* Preview Content */,
			);
			path = IconChange;
			sourceTree = "<group>";
		};
		AAAFD7D128FF670E00EC3707 /* Preview Content */ = {
			isa = PBXGroup;
			children = (
				AAAFD7D228FF670E00EC3707 /* Preview Assets.xcassets */,
			);
			path = "Preview Content";
			sourceTree = "<group>";
		};
		AAAFD7DB28FF675800EC3707 /* IconApp */ = {
			isa = PBXGroup;
			children = (
				AAAFD7E528FF69BB00EC3707 /* Musica4.png */,
				AAAFD7DC28FF675800EC3707 /* Musica3.png */,
				AAAFD7DD28FF675800EC3707 /* Musica2.png */,
				AAAFD7DE28FF675800EC3707 /* Musica1.png */,
			);
			path = IconApp;
			sourceTree = "<group>";
		};
/* End PBXGroup section */

/* Begin PBXNativeTarget section */
		AAAFD7C728FF670D00EC3707 /* IconChange */ = {
			isa = PBXNativeTarget;
			buildConfigurationList = AAAFD7D628FF670E00EC3707 /* Build configuration list for PBXNativeTarget "IconChange" */;
			buildPhases = (
				AAAFD7C428FF670D00EC3707 /* Sources */,
				AAAFD7C528FF670D00EC3707 /* Frameworks */,
				AAAFD7C628FF670D00EC3707 /* Resources */,
			);
			buildRules = (
			);
			dependencies = (
			);
			name = IconChange;
			productName = IconChange;
			productReference = AAAFD7C828FF670D00EC3707 /* IconChange.app */;
			productType = "com.apple.product-type.application";
		};
/* End PBXNativeTarget section */

/* Begin PBXProject section */
		AAAFD7C028FF670D00EC3707 /* Project object */ = {
			isa = PBXProject;
			attributes = {
				BuildIndependentTargetsInParallel = 1;
				LastSwiftUpdateCheck = 1400;
				LastUpgradeCheck = 1400;
				TargetAttributes = {
					AAAFD7C728FF670D00EC3707 = {
						CreatedOnToolsVersion = 14.0.1;
					};
				};
			};
			buildConfigurationList = AAAFD7C328FF670D00EC3707 /* Build configuration list for PBXProject "IconChange" */;
			compatibilityVersion = "Xcode 14.0";
			developmentRegion = en;
			hasScannedForEncodings = 0;
			knownRegions = (
				en,
				Base,
			);
			mainGroup = AAAFD7BF28FF670D00EC3707;
			productRefGroup = AAAFD7C928FF670D00EC3707 /* Products */;
			projectDirPath = "";
			projectRoot = "";
			targets = (
				AAAFD7C728FF670D00EC3707 /* IconChange */,
			);
		};
/* End PBXProject section */

/* Begin PBXResourcesBuildPhase section */
		AAAFD7C628FF670D00EC3707 /* Resources */ = {
			isa = PBXResourcesBuildPhase;
			buildActionMask = 2147483647;
			files = (
				AAAFD7D328FF670E00EC3707 /* Preview Assets.xcassets in Resources */,
				AAAFD7D028FF670E00EC3707 /* Assets.xcassets in Resources */,
				AAAFD7E628FF69BB00EC3707 /* Musica4.png in Resources */,
				AAAFD7E028FF675900EC3707 /* Musica2.png in Resources */,
				AAAFD7DF28FF675900EC3707 /* Musica3.png in Resources */,
				AAAFD7E128FF675900EC3707 /* Musica1.png in Resources */,
			);
			runOnlyForDeploymentPostprocessing = 0;
		};
/* End PBXResourcesBuildPhase section */

/* Begin PBXSourcesBuildPhase section */
		AAAFD7C428FF670D00EC3707 /* Sources */ = {
			isa = PBXSourcesBuildPhase;
			buildActionMask = 2147483647;
			files = (
				AAAFD7CE28FF670D00EC3707 /* ContentView.swift in Sources */,
				AAAFD7E828FF6AF100EC3707 /* ContentModel.swift in Sources */,
				AAAFD7CC28FF670D00EC3707 /* IconChangeApp.swift in Sources */,
				AAAFD7DA28FF673300EC3707 /* ContentViewModel.swift in Sources */,
			);
			runOnlyForDeploymentPostprocessing = 0;
		};
/* End PBXSourcesBuildPhase section */

/* Begin XCBuildConfiguration section */
		AAAFD7D428FF670E00EC3707 /* Debug */ = {
			isa = XCBuildConfiguration;
			buildSettings = {
				ALWAYS_SEARCH_USER_PATHS = NO;
				CLANG_ANALYZER_NONNULL = YES;
				CLANG_ANALYZER_NUMBER_OBJECT_CONVERSION = YES_AGGRESSIVE;
				CLANG_CXX_LANGUAGE_STANDARD = "gnu++20";
				CLANG_ENABLE_MODULES = YES;
				CLANG_ENABLE_OBJC_ARC = YES;
				CLANG_ENABLE_OBJC_WEAK = YES;
				CLANG_WARN_BLOCK_CAPTURE_AUTORELEASING = YES;
				CLANG_WARN_BOOL_CONVERSION = YES;
				CLANG_WARN_COMMA = YES;
				CLANG_WARN_CONSTANT_CONVERSION = YES;
				CLANG_WARN_DEPRECATED_OBJC_IMPLEMENTATIONS = YES;
				CLANG_WARN_DIRECT_OBJC_ISA_USAGE = YES_ERROR;
				CLANG_WARN_DOCUMENTATION_COMMENTS = YES;
				CLANG_WARN_EMPTY_BODY = YES;
				CLANG_WARN_ENUM_CONVERSION = YES;
				CLANG_WARN_INFINITE_RECURSION = YES;
				CLANG_WARN_INT_CONVERSION = YES;
				CLANG_WARN_NON_LITERAL_NULL_CONVERSION = YES;
				CLANG_WARN_OBJC_IMPLICIT_RETAIN_SELF = YES;
				CLANG_WARN_OBJC_LITERAL_CONVERSION = YES;
				CLANG_WARN_OBJC_ROOT_CLASS = YES_ERROR;
				CLANG_WARN_QUOTED_INCLUDE_IN_FRAMEWORK_HEADER = YES;
				CLANG_WARN_RANGE_LOOP_ANALYSIS = YES;
				CLANG_WARN_STRICT_PROTOTYPES = YES;
				CLANG_WARN_SUSPICIOUS_MOVE = YES;
				CLANG_WARN_UNGUARDED_AVAILABILITY = YES_AGGRESSIVE;
				CLANG_WARN_UNREACHABLE_CODE = YES;
				CLANG_WARN__DUPLICATE_METHOD_MATCH = YES;
				COPY_PHASE_STRIP = NO;
				DEBUG_INFORMATION_FORMAT = dwarf;
				ENABLE_STRICT_OBJC_MSGSEND = YES;
				ENABLE_TESTABILITY = YES;
				GCC_C_LANGUAGE_STANDARD = gnu11;
				GCC_DYNAMIC_NO_PIC = NO;
				GCC_NO_COMMON_BLOCKS = YES;
				GCC_OPTIMIZATION_LEVEL = 0;
				GCC_PREPROCESSOR_DEFINITIONS = (
					"DEBUG=1",
					"$(inherited)",
				);
				GCC_WARN_64_TO_32_BIT_CONVERSION = YES;
				GCC_WARN_ABOUT_RETURN_TYPE = YES_ERROR;
				GCC_WARN_UNDECLARED_SELECTOR = YES;
				GCC_WARN_UNINITIALIZED_AUTOS = YES_AGGRESSIVE;
				GCC_WARN_UNUSED_FUNCTION = YES;
				GCC_WARN_UNUSED_VARIABLE = YES;
				IPHONEOS_DEPLOYMENT_TARGET = 16.0;
				MTL_ENABLE_DEBUG_INFO = INCLUDE_SOURCE;
				MTL_FAST_MATH = YES;
				ONLY_ACTIVE_ARCH = YES;
				SDKROOT = iphoneos;
				SWIFT_ACTIVE_COMPILATION_CONDITIONS = DEBUG;
				SWIFT_OPTIMIZATION_LEVEL = "-Onone";
			};
			name = Debug;
		};
		AAAFD7D528FF670E00EC3707 /* Release */ = {
			isa = XCBuildConfiguration;
			buildSettings = {
				ALWAYS_SEARCH_USER_PATHS = NO;
				CLANG_ANALYZER_NONNULL = YES;
				CLANG_ANALYZER_NUMBER_OBJECT_CONVERSION = YES_AGGRESSIVE;
				CLANG_CXX_LANGUAGE_STANDARD = "gnu++20";
				CLANG_ENABLE_MODULES = YES;
				CLANG_ENABLE_OBJC_ARC = YES;
				CLANG_ENABLE_OBJC_WEAK = YES;
				CLANG_WARN_BLOCK_CAPTURE_AUTORELEASING = YES;
				CLANG_WARN_BOOL_CONVERSION = YES;
				CLANG_WARN_COMMA = YES;
				CLANG_WARN_CONSTANT_CONVERSION = YES;
				CLANG_WARN_DEPRECATED_OBJC_IMPLEMENTATIONS = YES;
				CLANG_WARN_DIRECT_OBJC_ISA_USAGE = YES_ERROR;
				CLANG_WARN_DOCUMENTATION_COMMENTS = YES;
				CLANG_WARN_EMPTY_BODY = YES;
				CLANG_WARN_ENUM_CONVERSION = YES;
				CLANG_WARN_INFINITE_RECURSION = YES;
				CLANG_WARN_INT_CONVERSION = YES;
				CLANG_WARN_NON_LITERAL_NULL_CONVERSION = YES;
				CLANG_WARN_OBJC_IMPLICIT_RETAIN_SELF = YES;
				CLANG_WARN_OBJC_LITERAL_CONVERSION = YES;
				CLANG_WARN_OBJC_ROOT_CLASS = YES_ERROR;
				CLANG_WARN_QUOTED_INCLUDE_IN_FRAMEWORK_HEADER = YES;
				CLANG_WARN_RANGE_LOOP_ANALYSIS = YES;
				CLANG_WARN_STRICT_PROTOTYPES = YES;
				CLANG_WARN_SUSPICIOUS_MOVE = YES;
				CLANG_WARN_UNGUARDED_AVAILABILITY = YES_AGGRESSIVE;
				CLANG_WARN_UNREACHABLE_CODE = YES;
				CLANG_WARN__DUPLICATE_METHOD_MATCH = YES;
				COPY_PHASE_STRIP = NO;
				DEBUG_INFORMATION_FORMAT = "dwarf-with-dsym";
				ENABLE_NS_ASSERTIONS = NO;
				ENABLE_STRICT_OBJC_MSGSEND = YES;
				GCC_C_LANGUAGE_STANDARD = gnu11;
				GCC_NO_COMMON_BLOCKS = YES;
				GCC_WARN_64_TO_32_BIT_CONVERSION = YES;
				GCC_WARN_ABOUT_RETURN_TYPE = YES_ERROR;
				GCC_WARN_UNDECLARED_SELECTOR = YES;
				GCC_WARN_UNINITIALIZED_AUTOS = YES_AGGRESSIVE;
				GCC_WARN_UNUSED_FUNCTION = YES;
				GCC_WARN_UNUSED_VARIABLE = YES;
				IPHONEOS_DEPLOYMENT_TARGET = 16.0;
				MTL_ENABLE_DEBUG_INFO = NO;
				MTL_FAST_MATH = YES;
				SDKROOT = iphoneos;
				SWIFT_COMPILATION_MODE = wholemodule;
				SWIFT_OPTIMIZATION_LEVEL = "-O";
				VALIDATE_PRODUCT = YES;
			};
			name = Release;
		};
		AAAFD7D728FF670E00EC3707 /* Debug */ = {
			isa = XCBuildConfiguration;
			buildSettings = {
				ASSETCATALOG_COMPILER_APPICON_NAME = AppIcon;
				ASSETCATALOG_COMPILER_GLOBAL_ACCENT_COLOR_NAME = AccentColor;
				CODE_SIGN_STYLE = Automatic;
				CURRENT_PROJECT_VERSION = 1;
				DEVELOPMENT_ASSET_PATHS = "\"IconChange/Preview Content\"";
				DEVELOPMENT_TEAM = 9TPTHP2V2G;
				ENABLE_PREVIEWS = YES;
				GENERATE_INFOPLIST_FILE = YES;
				INFOPLIST_FILE = IconChange/Info.plist;
				INFOPLIST_KEY_UIApplicationSceneManifest_Generation = YES;
				INFOPLIST_KEY_UIApplicationSupportsIndirectInputEvents = YES;
				INFOPLIST_KEY_UILaunchScreen_Generation = YES;
				INFOPLIST_KEY_UISupportedInterfaceOrientations_iPad = "UIInterfaceOrientationPortrait UIInterfaceOrientationPortraitUpsideDown UIInterfaceOrientationLandscapeLeft UIInterfaceOrientationLandscapeRight";
				INFOPLIST_KEY_UISupportedInterfaceOrientations_iPhone = "UIInterfaceOrientationPortrait UIInterfaceOrientationLandscapeLeft UIInterfaceOrientationLandscapeRight";
				LD_RUNPATH_SEARCH_PATHS = (
					"$(inherited)",
					"@executable_path/Frameworks",
				);
				MARKETING_VERSION = 1.0;
				PRODUCT_BUNDLE_IDENTIFIER = com.bugsoft.IconChange;
				PRODUCT_NAME = "$(TARGET_NAME)";
				SWIFT_EMIT_LOC_STRINGS = YES;
				SWIFT_VERSION = 5.0;
				TARGETED_DEVICE_FAMILY = "1,2";
			};
			name = Debug;
		};
		AAAFD7D828FF670E00EC3707 /* Release */ = {
			isa = XCBuildConfiguration;
			buildSettings = {
				ASSETCATALOG_COMPILER_APPICON_NAME = AppIcon;
				ASSETCATALOG_COMPILER_GLOBAL_ACCENT_COLOR_NAME = AccentColor;
				CODE_SIGN_STYLE = Automatic;
				CURRENT_PROJECT_VERSION = 1;
				DEVELOPMENT_ASSET_PATHS = "\"IconChange/Preview Content\"";
				DEVELOPMENT_TEAM = 9TPTHP2V2G;
				ENABLE_PREVIEWS = YES;
				GENERATE_INFOPLIST_FILE = YES;
				INFOPLIST_FILE = IconChange/Info.plist;
				INFOPLIST_KEY_UIApplicationSceneManifest_Generation = YES;
				INFOPLIST_KEY_UIApplicationSupportsIndirectInputEvents = YES;
				INFOPLIST_KEY_UILaunchScreen_Generation = YES;
				INFOPLIST_KEY_UISupportedInterfaceOrientations_iPad = "UIInterfaceOrientationPortrait UIInterfaceOrientationPortraitUpsideDown UIInterfaceOrientationLandscapeLeft UIInterfaceOrientationLandscapeRight";
				INFOPLIST_KEY_UISupportedInterfaceOrientations_iPhone = "UIInterfaceOrientationPortrait UIInterfaceOrientationLandscapeLeft UIInterfaceOrientationLandscapeRight";
				LD_RUNPATH_SEARCH_PATHS = (
					"$(inherited)",
					"@executable_path/Frameworks",
				);
				MARKETING_VERSION = 1.0;
				PRODUCT_BUNDLE_IDENTIFIER = com.bugsoft.IconChange;
				PRODUCT_NAME = "$(TARGET_NAME)";
				SWIFT_EMIT_LOC_STRINGS = YES;
				SWIFT_VERSION = 5.0;
				TARGETED_DEVICE_FAMILY = "1,2";
			};
			name = Release;
		};
/* End XCBuildConfiguration section */

/* Begin XCConfigurationList section */
		AAAFD7C328FF670D00EC3707 /* Build configuration list for PBXProject "IconChange" */ = {
			isa = XCConfigurationList;
			buildConfigurations = (
				AAAFD7D428FF670E00EC3707 /* Debug */,
				AAAFD7D528FF670E00EC3707 /* Release */,
			);
			defaultConfigurationIsVisible = 0;
			defaultConfigurationName = Release;
		};
		AAAFD7D628FF670E00EC3707 /* Build configuration list for PBXNativeTarget "IconChange" */ = {
			isa = XCConfigurationList;
			buildConfigurations = (
				AAAFD7D728FF670E00EC3707 /* Debug */,
				AAAFD7D828FF670E00EC3707 /* Release */,
			);
			defaultConfigurationIsVisible = 0;
			defaultConfigurationName = Release;
		};
/* End XCConfigurationList section */
	};
	rootObject = AAAFD7C028FF670D00EC3707 /* Project object */;
}
